
Microsoft Visual Studio Solution File, Format Version 12.00
# Visual Studio Version 16
VisualStudioVersion = 16.0.29001.49
MinimumVisualStudioVersion = 10.0.40219.1
Project("{9A19103F-16F7-4668-BE54-9A1E7A4F7556}") = "HospitalisOOAD", "HospitalisOOAD.csproj", "{9DEB545C-D919-4B94-BA8D-BA04B158F9FF}"
EndProject
Global
	GlobalSection(SolutionConfigurationPlatforms) = preSolution
		Debug|Any CPU = Debug|Any CPU
		Release|Any CPU = Release|Any CPU
	EndGlobalSection
	GlobalSection(ProjectConfigurationPlatforms) = postSolution
		{9DEB545C-D919-4B94-BA8D-BA04B158F9FF}.Debug|Any CPU.ActiveCfg = Debug|Any CPU
		{9DEB545C-D919-4B94-BA8D-BA04B158F9FF}.Debug|Any CPU.Build.0 = Debug|Any CPU
		{9DEB545C-D919-4B94-BA8D-BA04B158F9FF}.Release|Any CPU.ActiveCfg = Release|Any CPU
		{9DEB545C-D919-4B94-BA8D-BA04B158F9FF}.Release|Any CPU.Build.0 = Release|Any CPU
	EndGlobalSection
	GlobalSection(SolutionProperties) = preSolution
		HideSolutionNode = FALSE
	EndGlobalSection
	GlobalSection(ExtensibilityGlobals) = postSolution
		SolutionGuid = {C992E997-0C71-41F0-AA0F-BE1974D304F4}
	EndGlobalSection
EndGlobal
